// !$*UTF8*$!
{ archiveVersion = 1; classes = {}; objectVersion = 56; objects = {
000000000000000000000001 = {isa = PBXFileReference; lastKnownFileType = sourcecode.cpp.cpp; path = "driver/QLE2560Driver.cpp"; sourceTree = SOURCE_ROOT;};
000000000000000000000002 = {isa = PBXFileReference; lastKnownFileType = sourcecode.iig; path = "driver/QLE2560Driver.iig"; sourceTree = SOURCE_ROOT;};
000000000000000000000003 = {isa = PBXFileReference; lastKnownFileType = sourcecode.c.objc; path = "app/main.m"; sourceTree = SOURCE_ROOT;};
000000000000000000000004 = {isa = PBXFileReference; lastKnownFileType = text.plist.xml; path = "driver/Info.plist"; sourceTree = SOURCE_ROOT;};
000000000000000000000005 = {isa = PBXFileReference; lastKnownFileType = text.plist.xml; path = "app/Info.plist"; sourceTree = SOURCE_ROOT;};
000000000000000000000006 = {isa = PBXFileReference; lastKnownFileType = text.plist.entitlements; path = "driver/QLE2560Driver.entitlements"; sourceTree = SOURCE_ROOT;};
000000000000000000000007 = {isa = PBXFileReference; lastKnownFileType = text.plist.entitlements; path = "app/QLE2560DriverApp.entitlements"; sourceTree = SOURCE_ROOT;};
000000000000000000000008 = {isa = PBXFileReference; explicitFileType = wrapper.driver-extension; path = org.iiyume.qle2560.driver.dext; sourceTree = BUILT_PRODUCTS_DIR;};
000000000000000000000009 = {isa = PBXFileReference; explicitFileType = wrapper.application; path = "QLE2560 Driver.app"; sourceTree = BUILT_PRODUCTS_DIR;};
00000000000000000000000A = {isa = PBXGroup; children = (000000000000000000000008,000000000000000000000009,); name = Products; sourceTree = "<group>";};
00000000000000000000000B = {isa = PBXGroup; children = (000000000000000000000001,000000000000000000000002,000000000000000000000003,000000000000000000000004,000000000000000000000005,000000000000000000000006,000000000000000000000007,00000000000000000000000A,); sourceTree = "<group>";};
00000000000000000000000C = {isa = PBXBuildFile; fileRef = 000000000000000000000001;};
00000000000000000000000D = {isa = PBXBuildFile; fileRef = 000000000000000000000002;};
00000000000000000000000E = {isa = PBXSourcesBuildPhase; buildActionMask = 2147483647; files = (00000000000000000000000C,00000000000000000000000D,); runOnlyForDeploymentPostprocessing = 0;};
00000000000000000000000F = {isa = PBXBuildFile; fileRef = 000000000000000000000003;};
000000000000000000000010 = {isa = PBXSourcesBuildPhase; buildActionMask = 2147483647; files = (00000000000000000000000F,); runOnlyForDeploymentPostprocessing = 0;};
000000000000000000000011 = {isa = PBXBuildFile; fileRef = 000000000000000000000008; settings = {ATTRIBUTES = (RemoveHeadersOnCopy,);};};
000000000000000000000012 = {isa = PBXCopyFilesBuildPhase; buildActionMask = 2147483647; dstPath = "Contents/Library/SystemExtensions"; dstSubfolderSpec = 1; files = (000000000000000000000011,); name = "Embed Driver Extension"; runOnlyForDeploymentPostprocessing = 0;};
000000000000000000000015 = {isa = PBXContainerItemProxy; containerPortal = 000000000000000000000013; proxyType = 1; remoteGlobalIDString = 000000000000000000000014; remoteInfo = QLE2560Driver;};
000000000000000000000016 = {isa = PBXTargetDependency; target = 000000000000000000000014; targetProxy = 000000000000000000000015;};
000000000000000000000017 = {isa = XCBuildConfiguration; name = Debug; buildSettings = {CLANG_ENABLE_MODULES = "YES"; CLANG_ENABLE_OBJC_ARC = "YES"; CLANG_CXX_LANGUAGE_STANDARD = "c++17"; GCC_WARN_64_TO_32_BIT_CONVERSION = "YES"; GCC_WARN_UNDECLARED_SELECTOR = "YES"; GCC_WARN_UNUSED_VARIABLE = "YES"; ARCHS = "arm64"; CODE_SIGN_STYLE = "Automatic"; DEVELOPMENT_TEAM = ""; CODE_SIGN_IDENTITY = "Apple Development"; GCC_OPTIMIZATION_LEVEL = "0"; DEBUG_INFORMATION_FORMAT = "dwarf";};};
000000000000000000000018 = {isa = XCBuildConfiguration; name = Release; buildSettings = {CLANG_ENABLE_MODULES = "YES"; CLANG_ENABLE_OBJC_ARC = "YES"; CLANG_CXX_LANGUAGE_STANDARD = "c++17"; GCC_WARN_64_TO_32_BIT_CONVERSION = "YES"; GCC_WARN_UNDECLARED_SELECTOR = "YES"; GCC_WARN_UNUSED_VARIABLE = "YES"; ARCHS = "arm64"; CODE_SIGN_STYLE = "Automatic"; DEVELOPMENT_TEAM = ""; CODE_SIGN_IDENTITY = "Apple Development"; GCC_OPTIMIZATION_LEVEL = "s"; DEBUG_INFORMATION_FORMAT = "dwarf";};};
000000000000000000000019 = {isa = XCConfigurationList; buildConfigurations = (000000000000000000000017,000000000000000000000018,); defaultConfigurationIsVisible = 0; defaultConfigurationName = Debug;};
00000000000000000000001A = {isa = XCBuildConfiguration; name = Debug; buildSettings = {QLE_SHUTDOWN_TESTING = "0"; GCC_PREPROCESSOR_DEFINITIONS = "$(inherited) QLE_SHUTDOWN_TESTING=$(QLE_SHUTDOWN_TESTING)"; SDKROOT = "driverkit"; DRIVERKIT_DEPLOYMENT_TARGET = "25.5"; PRODUCT_NAME = "$(PRODUCT_BUNDLE_IDENTIFIER)"; PRODUCT_BUNDLE_IDENTIFIER = "org.iiyume.qle2560.driver"; INFOPLIST_FILE = "driver/Info.plist"; CODE_SIGN_ENTITLEMENTS = "driver/QLE2560DriverDevelopment.entitlements"; SKIP_INSTALL = "YES"; OTHER_LDFLAGS = "-framework DriverKit -framework PCIDriverKit -framework SCSIControllerDriverKit";};};
00000000000000000000001B = {isa = XCBuildConfiguration; name = Release; buildSettings = {QLE_SHUTDOWN_TESTING = "0"; GCC_PREPROCESSOR_DEFINITIONS = "$(inherited) QLE_SHUTDOWN_TESTING=$(QLE_SHUTDOWN_TESTING)"; SDKROOT = "driverkit"; DRIVERKIT_DEPLOYMENT_TARGET = "25.5"; PRODUCT_NAME = "$(PRODUCT_BUNDLE_IDENTIFIER)"; PRODUCT_BUNDLE_IDENTIFIER = "org.iiyume.qle2560.driver"; INFOPLIST_FILE = "driver/Info.plist"; CODE_SIGN_ENTITLEMENTS = "driver/QLE2560Driver.entitlements"; SKIP_INSTALL = "YES"; OTHER_LDFLAGS = "-framework DriverKit -framework PCIDriverKit -framework SCSIControllerDriverKit";};};
00000000000000000000001C = {isa = XCConfigurationList; buildConfigurations = (00000000000000000000001A,00000000000000000000001B,); defaultConfigurationIsVisible = 0; defaultConfigurationName = Debug;};
00000000000000000000001D = {isa = XCBuildConfiguration; name = Debug; buildSettings = {SDKROOT = "macosx"; MACOSX_DEPLOYMENT_TARGET = "26.0"; PRODUCT_NAME = "QLE2560 Driver"; PRODUCT_BUNDLE_IDENTIFIER = "org.iiyume.qle2560"; INFOPLIST_FILE = "app/Info.plist"; CODE_SIGN_ENTITLEMENTS = "app/QLE2560DriverApp.entitlements"; OTHER_LDFLAGS = "-framework Cocoa -framework SystemExtensions";};};
00000000000000000000001E = {isa = XCBuildConfiguration; name = Release; buildSettings = {SDKROOT = "macosx"; MACOSX_DEPLOYMENT_TARGET = "26.0"; PRODUCT_NAME = "QLE2560 Driver"; PRODUCT_BUNDLE_IDENTIFIER = "org.iiyume.qle2560"; INFOPLIST_FILE = "app/Info.plist"; CODE_SIGN_ENTITLEMENTS = "app/QLE2560DriverApp.entitlements"; OTHER_LDFLAGS = "-framework Cocoa -framework SystemExtensions";};};
00000000000000000000001F = {isa = XCConfigurationList; buildConfigurations = (00000000000000000000001D,00000000000000000000001E,); defaultConfigurationIsVisible = 0; defaultConfigurationName = Debug;};
000000000000000000000014 = {isa = PBXNativeTarget; name = QLE2560Driver; productName = QLE2560Driver; buildConfigurationList = 00000000000000000000001C; buildPhases = (00000000000000000000000E,); buildRules = (); dependencies = (); productReference = 000000000000000000000008; productType = "com.apple.product-type.driver-extension";};
000000000000000000000020 = {isa = PBXNativeTarget; name = QLE2560DriverApp; productName = QLE2560DriverApp; buildConfigurationList = 00000000000000000000001F; buildPhases = (000000000000000000000120,000000000000000000000010,000000000000000000000012,); buildRules = (); dependencies = (000000000000000000000016,); productReference = 000000000000000000000009; productType = "com.apple.product-type.application";};
000000000000000000000013 = {isa = PBXProject; attributes = {LastUpgradeCheck = 2660; BuildIndependentTargetsInParallel = YES;}; buildConfigurationList = 000000000000000000000019; compatibilityVersion = "Xcode 14.0"; developmentRegion = en; hasScannedForEncodings = 0; knownRegions = (en,Base,); mainGroup = 00000000000000000000000B; productRefGroup = 00000000000000000000000A; projectDirPath = ""; projectRoot = ""; targets = (000000000000000000000020,000000000000000000000014,);};
000000000000000000000100 = {isa = PBXFileReference; lastKnownFileType = text; name = "GPL-2.0"; path = "LICENSE"; sourceTree = SOURCE_ROOT;};
000000000000000000000110 = {isa = PBXBuildFile; fileRef = 000000000000000000000100;};
000000000000000000000101 = {isa = PBXFileReference; lastKnownFileType = text; name = "LICENCE.qla2xxx"; path = "firmware/LICENCE.qla2xxx"; sourceTree = SOURCE_ROOT;};
000000000000000000000111 = {isa = PBXBuildFile; fileRef = 000000000000000000000101;};
000000000000000000000102 = {isa = PBXFileReference; lastKnownFileType = text; name = "Firmware-SOURCE.txt"; path = "firmware/SOURCE.txt"; sourceTree = SOURCE_ROOT;};
000000000000000000000112 = {isa = PBXBuildFile; fileRef = 000000000000000000000102;};
000000000000000000000120 = {isa = PBXResourcesBuildPhase; buildActionMask = 2147483647; files = (000000000000000000000110,000000000000000000000111,000000000000000000000112,); runOnlyForDeploymentPostprocessing = 0;};
}; rootObject = 000000000000000000000013; }
